
Microsoft Visual Studio Solution File, Format Version 12.00
# Visual Studio Version 17
VisualStudioVersion = 17.14.36109.1 d17.14
MinimumVisualStudioVersion = 10.0.40219.1
Project("{8BC9CEB8-8B4A-11D0-8D11-00A0C91BC942}") = "TermProject", "TermProject\TermProject.vcxproj", "{BB1320B1-3D0C-411F-9649-2E101A212D6F}"
EndProject
Global
	GlobalSection(SolutionConfigurationPlatforms) = preSolution
		Debug|x64 = Debug|x64
		Debug|x86 = Debug|x86
		Release|x64 = Release|x64
		Release|x86 = Release|x86
	EndGlobalSection
	GlobalSection(ProjectConfigurationPlatforms) = postSolution
		{BB1320B1-3D0C-411F-9649-2E101A212D6F}.Debug|x64.ActiveCfg = Debug|x64
		{BB1320B1-3D0C-411F-9649-2E101A212D6F}.Debug|x64.Build.0 = Debug|x64
		{BB1320B1-3D0C-411F-9649-2E101A212D6F}.Debug|x86.ActiveCfg = Debug|Win32
		{BB1320B1-3D0C-411F-9649-2E101A212D6F}.Debug|x86.Build.0 = Debug|Win32
		{BB1320B1-3D0C-411F-9649-2E101A212D6F}.Release|x64.ActiveCfg = Release|x64
		{BB1320B1-3D0C-411F-9649-2E101A212D6F}.Release|x64.Build.0 = Release|x64
		{BB1320B1-3D0C-411F-9649-2E101A212D6F}.Release|x86.ActiveCfg = Release|Win32
		{BB1320B1-3D0C-411F-9649-2E101A212D6F}.Release|x86.Build.0 = Release|Win32
	EndGlobalSection
	GlobalSection(SolutionProperties) = preSolution
		HideSolutionNode = FALSE
	EndGlobalSection
	GlobalSection(ExtensibilityGlobals) = postSolution
		SolutionGuid = {98A2A477-0C19-4162-A9D8-92218CB5423C}
	EndGlobalSection
EndGlobal
